{
  "version": 4,
  "terraform_version": "1.6.5",
  "serial": 8,
  "lineage": "292ae52e-a7c7-c5c2-2e7b-f2c081423044",
  "outputs": {},
  "resources": [
    {
      "module": "module.appservice",
      "mode": "managed",
      "type": "azurerm_app_service",
      "name": "test",
      "provider": "provider[\"registry.terraform.io/hashicorp/azurerm\"]",
      "instances": [
        {
          "schema_version": 0,
          "attributes": {
            "app_service_plan_id": "/subscriptions/7830d897-be2f-47e8-826c-fc38b4760138/resourceGroups/Lesson1/providers/Microsoft.Web/serverfarms/UNDAppBV-AppService",
            "app_settings": {
              "WEBSITE_RUN_FROM_PACKAGE": "0"
            },
            "auth_settings": [
              {
                "active_directory": [],
                "additional_login_params": {},
                "allowed_external_redirect_urls": [],
                "default_provider": "",
                "enabled": false,
                "facebook": [],
                "google": [],
                "issuer": "",
                "microsoft": [],
                "runtime_version": "",
                "token_refresh_extension_hours": 0,
                "token_store_enabled": false,
                "twitter": [],
                "unauthenticated_client_action": ""
              }
            ],
            "backup": [],
            "client_affinity_enabled": false,
            "client_cert_enabled": false,
            "client_cert_mode": "Required",
            "connection_string": [],
            "custom_domain_verification_id": "B757C890D0F0FEC523214A8349D3A9954B5C479BD0DD273F85F17F37D441BDAF",
            "default_site_hostname": "undappbv-appservice.azurewebsites.net",
            "enabled": true,
            "https_only": false,
            "id": "/subscriptions/7830d897-be2f-47e8-826c-fc38b4760138/resourceGroups/Lesson1/providers/Microsoft.Web/sites/UNDAppBV-AppService",
            "identity": [],
            "key_vault_reference_identity_id": "SystemAssigned",
            "location": "eastus",
            "logs": [
              {
                "application_logs": [
                  {
                    "azure_blob_storage": [],
                    "file_system_level": "Off"
                  }
                ],
                "detailed_error_messages_enabled": false,
                "failed_request_tracing_enabled": false,
                "http_logs": [
                  {
                    "azure_blob_storage": [],
                    "file_system": []
                  }
                ]
              }
            ],
            "name": "UNDAppBV-AppService",
            "outbound_ip_address_list": [
              "20.246.139.107",
              "20.246.139.209",
              "20.246.139.227",
              "20.246.140.26",
              "20.246.137.150",
              "20.246.140.84",
              "20.119.8.39"
            ],
            "outbound_ip_addresses": "20.246.139.107,20.246.139.209,20.246.139.227,20.246.140.26,20.246.137.150,20.246.140.84,20.119.8.39",
            "possible_outbound_ip_address_list": [
              "20.246.139.107",
              "20.246.139.209",
              "20.246.139.227",
              "20.246.140.26",
              "20.246.137.150",
              "20.246.140.84",
              "20.237.31.195",
              "20.246.140.105",
              "20.246.140.132",
              "20.246.140.161",
              "20.246.140.176",
              "20.246.140.194",
              "20.246.141.7",
              "20.246.141.85",
              "20.246.141.92",
              "20.246.141.133",
              "20.237.26.26",
              "20.237.25.46",
              "20.237.26.230",
              "20.237.26.239",
              "20.237.28.80",
              "20.237.28.147",
              "20.237.29.74",
              "20.237.29.141",
              "20.237.29.167",
              "20.237.29.225",
              "20.237.29.251",
              "20.237.30.132",
              "20.237.30.133",
              "20.237.30.138",
              "20.119.8.39"
            ],
            "possible_outbound_ip_addresses": "20.246.139.107,20.246.139.209,20.246.139.227,20.246.140.26,20.246.137.150,20.246.140.84,20.237.31.195,20.246.140.105,20.246.140.132,20.246.140.161,20.246.140.176,20.246.140.194,20.246.141.7,20.246.141.85,20.246.141.92,20.246.141.133,20.237.26.26,20.237.25.46,20.237.26.230,20.237.26.239,20.237.28.80,20.237.28.147,20.237.29.74,20.237.29.141,20.237.29.167,20.237.29.225,20.237.29.251,20.237.30.132,20.237.30.133,20.237.30.138,20.119.8.39",
            "resource_group_name": "Lesson1",
            "site_config": [
              {
                "acr_use_managed_identity_credentials": false,
                "acr_user_managed_identity_client_id": "",
                "always_on": false,
                "app_command_line": "",
                "auto_swap_slot_name": "",
                "cors": [],
                "default_documents": [
                  "Default.htm",
                  "Default.html",
                  "Default.asp",
                  "index.htm",
                  "index.html",
                  "iisstart.htm",
                  "default.aspx",
                  "index.php",
                  "hostingstart.html"
                ],
                "dotnet_framework_version": "v4.0",
                "ftps_state": "FtpsOnly",
                "health_check_path": "",
                "http2_enabled": false,
                "ip_restriction": [],
                "java_container": "",
                "java_container_version": "",
                "java_version": "",
                "linux_fx_version": "",
                "local_mysql_enabled": false,
                "managed_pipeline_mode": "Integrated",
                "min_tls_version": "1.2",
                "number_of_workers": 1,
                "php_version": "5.6",
                "python_version": "",
                "remote_debugging_enabled": false,
                "remote_debugging_version": "",
                "scm_ip_restriction": [],
                "scm_type": "None",
                "scm_use_main_ip_restriction": false,
                "use_32_bit_worker_process": true,
                "vnet_route_all_enabled": false,
                "websockets_enabled": false,
                "windows_fx_version": ""
              }
            ],
            "site_credential": [
              {
                "password": "6gnsQavpr1bY2YTTuYS6KtxNllZNGgnGjzAQ3Y40PPEn00gTEYv9mRQSkxld",
                "username": "$UNDAppBV-AppService"
              }
            ],
            "source_control": [
              {
                "branch": "main",
                "manual_integration": false,
                "repo_url": "",
                "rollback_enabled": false,
                "use_mercurial": false
              }
            ],
            "storage_account": [],
            "tags": {
              "deployment": "Terraform",
              "tier": "Test"
            },
            "timeouts": null
          },
          "sensitive_attributes": [],
          "private": "eyJlMmJmYjczMC1lY2FhLTExZTYtOGY4OC0zNDM2M2JjN2M0YzAiOnsiY3JlYXRlIjoxODAwMDAwMDAwMDAwLCJkZWxldGUiOjE4MDAwMDAwMDAwMDAsInJlYWQiOjMwMDAwMDAwMDAwMCwidXBkYXRlIjoxODAwMDAwMDAwMDAwfX0=",
          "dependencies": [
            "module.appservice.azurerm_app_service_plan.test",
            "module.resource_group.azurerm_resource_group.test"
          ]
        }
      ]
    },
    {
      "module": "module.appservice",
      "mode": "managed",
      "type": "azurerm_app_service_plan",
      "name": "test",
      "provider": "provider[\"registry.terraform.io/hashicorp/azurerm\"]",
      "instances": [
        {
          "schema_version": 0,
          "attributes": {
            "app_service_environment_id": "",
            "id": "/subscriptions/7830d897-be2f-47e8-826c-fc38b4760138/resourceGroups/Lesson1/providers/Microsoft.Web/serverfarms/UNDAppBV-AppService",
            "is_xenon": false,
            "kind": "Windows",
            "location": "eastus",
            "maximum_elastic_worker_count": 1,
            "maximum_number_of_workers": 1,
            "name": "UNDAppBV-AppService",
            "per_site_scaling": false,
            "reserved": false,
            "resource_group_name": "Lesson1",
            "sku": [
              {
                "capacity": 0,
                "size": "F1",
                "tier": "Free"
              }
            ],
            "tags": null,
            "timeouts": null,
            "zone_redundant": false
          },
          "sensitive_attributes": [],
          "private": "eyJlMmJmYjczMC1lY2FhLTExZTYtOGY4OC0zNDM2M2JjN2M0YzAiOnsiY3JlYXRlIjozNjAwMDAwMDAwMDAwLCJkZWxldGUiOjM2MDAwMDAwMDAwMDAsInJlYWQiOjMwMDAwMDAwMDAwMCwidXBkYXRlIjozNjAwMDAwMDAwMDAwfX0=",
          "dependencies": [
            "module.resource_group.azurerm_resource_group.test"
          ]
        }
      ]
    },
    {
      "module": "module.resource_group",
      "mode": "managed",
      "type": "azurerm_resource_group",
      "name": "test",
      "provider": "provider[\"registry.terraform.io/hashicorp/azurerm\"]",
      "instances": [
        {
          "schema_version": 0,
          "attributes": {
            "id": "/subscriptions/7830d897-be2f-47e8-826c-fc38b4760138/resourceGroups/Lesson1",
            "location": "eastus",
            "managed_by": "",
            "name": "Lesson1",
            "tags": {},
            "timeouts": null
          },
          "sensitive_attributes": [],
          "private": "eyJlMmJmYjczMC1lY2FhLTExZTYtOGY4OC0zNDM2M2JjN2M0YzAiOnsiY3JlYXRlIjo1NDAwMDAwMDAwMDAwLCJkZWxldGUiOjU0MDAwMDAwMDAwMDAsInJlYWQiOjMwMDAwMDAwMDAwMCwidXBkYXRlIjo1NDAwMDAwMDAwMDAwfX0="
        }
      ]
    }
  ],
  "check_results": null
}
